// !$*UTF8*$!
{
	archiveVersion = 1;
	classes = {
	};
	objectVersion = 52;
	objects = {

/* Begin PBXBuildFile section */
		5088167C245D9EBC0051FBC5 /* VoiceController.swift in Sources */ = {isa = PBXBuildFile; fileRef = 5088167B245D9EBC0051FBC5 /* VoiceController.swift */; };
		5088167F245DAFC10051FBC5 /* VisionController.swift in Sources */ = {isa = PBXBuildFile; fileRef = 5088167E245DAFC10051FBC5 /* VisionController.swift */; };
		50881681245DD9510051FBC5 /* ColorViewController.swift in Sources */ = {isa = PBXBuildFile; fileRef = 50881680245DD9510051FBC5 /* ColorViewController.swift */; };
		50881683245DE1CF0051FBC5 /* ActionViewController.swift in Sources */ = {isa = PBXBuildFile; fileRef = 50881682245DE1CF0051FBC5 /* ActionViewController.swift */; };
		509A6AB3245EEC6C00AFC486 /* ColorController.swift in Sources */ = {isa = PBXBuildFile; fileRef = 509A6AB2245EEC6C00AFC486 /* ColorController.swift */; };
		509A6AB5245EED0300AFC486 /* ImageUtils.swift in Sources */ = {isa = PBXBuildFile; fileRef = 509A6AB4245EED0300AFC486 /* ImageUtils.swift */; };
		509A6AB8245EFAAB00AFC486 /* SQLite in Frameworks */ = {isa = PBXBuildFile; productRef = 509A6AB7245EFAAB00AFC486 /* SQLite */; };
		509A6ABA245EFADF00AFC486 /* DatabaseController.swift in Sources */ = {isa = PBXBuildFile; fileRef = 509A6AB9245EFADF00AFC486 /* DatabaseController.swift */; };
		509A6ABC245F1A8000AFC486 /* SFMDB.db in Resources */ = {isa = PBXBuildFile; fileRef = 509A6ABB245F068E00AFC486 /* SFMDB.db */; };
		509A6ABE245F5EEF00AFC486 /* SavedTextsViewController.swift in Sources */ = {isa = PBXBuildFile; fileRef = 509A6ABD245F5EEF00AFC486 /* SavedTextsViewController.swift */; };
		509A6AC2245F5F3300AFC486 /* SavedColorsViewController.swift in Sources */ = {isa = PBXBuildFile; fileRef = 509A6AC1245F5F3300AFC486 /* SavedColorsViewController.swift */; };
		50B663C0245F704400DA6CE9 /* SavedText.swift in Sources */ = {isa = PBXBuildFile; fileRef = 50B663BF245F704400DA6CE9 /* SavedText.swift */; };
		50D613D4245AF742005561DB /* VisionViewController.swift in Sources */ = {isa = PBXBuildFile; fileRef = 50D613D3245AF741005561DB /* VisionViewController.swift */; };
		50D613D6245C6C3A005561DB /* CameraController.swift in Sources */ = {isa = PBXBuildFile; fileRef = 50D613D5245C6C39005561DB /* CameraController.swift */; };
		50DD605B2454B77D004602A9 /* AppDelegate.swift in Sources */ = {isa = PBXBuildFile; fileRef = 50DD605A2454B77D004602A9 /* AppDelegate.swift */; };
		50DD605D2454B77D004602A9 /* SceneDelegate.swift in Sources */ = {isa = PBXBuildFile; fileRef = 50DD605C2454B77D004602A9 /* SceneDelegate.swift */; };
		50DD605F2454B77D004602A9 /* ViewController.swift in Sources */ = {isa = PBXBuildFile; fileRef = 50DD605E2454B77D004602A9 /* ViewController.swift */; };
		50DD60622454B77D004602A9 /* Main.storyboard in Resources */ = {isa = PBXBuildFile; fileRef = 50DD60602454B77D004602A9 /* Main.storyboard */; };
		50DD60642454B784004602A9 /* Assets.xcassets in Resources */ = {isa = PBXBuildFile; fileRef = 50DD60632454B784004602A9 /* Assets.xcassets */; };
		50DD60672454B784004602A9 /* LaunchScreen.storyboard in Resources */ = {isa = PBXBuildFile; fileRef = 50DD60652454B784004602A9 /* LaunchScreen.storyboard */; };
/* End PBXBuildFile section */

/* Begin PBXFileReference section */
		5088167B245D9EBC0051FBC5 /* VoiceController.swift */ = {isa = PBXFileReference; lastKnownFileType = sourcecode.swift; path = VoiceController.swift; sourceTree = "<group>"; };
		5088167E245DAFC10051FBC5 /* VisionController.swift */ = {isa = PBXFileReference; lastKnownFileType = sourcecode.swift; path = VisionController.swift; sourceTree = "<group>"; };
		50881680245DD9510051FBC5 /* ColorViewController.swift */ = {isa = PBXFileReference; lastKnownFileType = sourcecode.swift; path = ColorViewController.swift; sourceTree = "<group>"; };
		50881682245DE1CF0051FBC5 /* ActionViewController.swift */ = {isa = PBXFileReference; lastKnownFileType = sourcecode.swift; path = ActionViewController.swift; sourceTree = "<group>"; };
		509A6AB2245EEC6C00AFC486 /* ColorController.swift */ = {isa = PBXFileReference; lastKnownFileType = sourcecode.swift; path = ColorController.swift; sourceTree = "<group>"; };
		509A6AB4245EED0300AFC486 /* ImageUtils.swift */ = {isa = PBXFileReference; lastKnownFileType = sourcecode.swift; path = ImageUtils.swift; sourceTree = "<group>"; };
		509A6AB9245EFADF00AFC486 /* DatabaseController.swift */ = {isa = PBXFileReference; lastKnownFileType = sourcecode.swift; path = DatabaseController.swift; sourceTree = "<group>"; };
		509A6ABB245F068E00AFC486 /* SFMDB.db */ = {isa = PBXFileReference; lastKnownFileType = file; path = SFMDB.db; sourceTree = "<group>"; };
		509A6ABD245F5EEF00AFC486 /* SavedTextsViewController.swift */ = {isa = PBXFileReference; lastKnownFileType = sourcecode.swift; path = SavedTextsViewController.swift; sourceTree = "<group>"; };
		509A6AC1245F5F3300AFC486 /* SavedColorsViewController.swift */ = {isa = PBXFileReference; lastKnownFileType = sourcecode.swift; path = SavedColorsViewController.swift; sourceTree = "<group>"; };
		50B663BF245F704400DA6CE9 /* SavedText.swift */ = {isa = PBXFileReference; lastKnownFileType = sourcecode.swift; path = SavedText.swift; sourceTree = "<group>"; };
		50D613D3245AF741005561DB /* VisionViewController.swift */ = {isa = PBXFileReference; lastKnownFileType = sourcecode.swift; path = VisionViewController.swift; sourceTree = "<group>"; };
		50D613D5245C6C39005561DB /* CameraController.swift */ = {isa = PBXFileReference; lastKnownFileType = sourcecode.swift; path = CameraController.swift; sourceTree = "<group>"; };
		50DD60572454B77D004602A9 /* SeeForMe.app */ = {isa = PBXFileReference; explicitFileType = wrapper.application; includeInIndex = 0; path = SeeForMe.app; sourceTree = BUILT_PRODUCTS_DIR; };
		50DD605A2454B77D004602A9 /* AppDelegate.swift */ = {isa = PBXFileReference; lastKnownFileType = sourcecode.swift; path = AppDelegate.swift; sourceTree = "<group>"; };
		50DD605C2454B77D004602A9 /* SceneDelegate.swift */ = {isa = PBXFileReference; lastKnownFileType = sourcecode.swift; path = SceneDelegate.swift; sourceTree = "<group>"; };
		50DD605E2454B77D004602A9 /* ViewController.swift */ = {isa = PBXFileReference; lastKnownFileType = sourcecode.swift; path = ViewController.swift; sourceTree = "<group>"; };
		50DD60612454B77D004602A9 /* Base */ = {isa = PBXFileReference; lastKnownFileType = file.storyboard; name = Base; path = Base.lproj/Main.storyboard; sourceTree = "<group>"; };
		50DD60632454B784004602A9 /* Assets.xcassets */ = {isa = PBXFileReference; lastKnownFileType = folder.assetcatalog; path = Assets.xcassets; sourceTree = "<group>"; };
		50DD60662454B784004602A9 /* Base */ = {isa = PBXFileReference; lastKnownFileType = file.storyboard; name = Base; path = Base.lproj/LaunchScreen.storyboard; sourceTree = "<group>"; };
		50DD60682454B784004602A9 /* Info.plist */ = {isa = PBXFileReference; lastKnownFileType = text.plist.xml; path = Info.plist; sourceTree = "<group>"; };
/* End PBXFileReference section */

/* Begin PBXFrameworksBuildPhase section */
		50DD60542454B77D004602A9 /* Frameworks */ = {
			isa = PBXFrameworksBuildPhase;
			buildActionMask = 2147483647;
			files = (
				509A6AB8245EFAAB00AFC486 /* SQLite in Frameworks */,
			);
			runOnlyForDeploymentPostprocessing = 0;
		};
/* End PBXFrameworksBuildPhase section */

/* Begin PBXGroup section */
		5088167D245D9F250051FBC5 /* Controllers */ = {
			isa = PBXGroup;
			children = (
				50D613D5245C6C39005561DB /* CameraController.swift */,
				5088167B245D9EBC0051FBC5 /* VoiceController.swift */,
				5088167E245DAFC10051FBC5 /* VisionController.swift */,
				509A6AB2245EEC6C00AFC486 /* ColorController.swift */,
				509A6AB9245EFADF00AFC486 /* DatabaseController.swift */,
			);
			path = Controllers;
			sourceTree = "<group>";
		};
		509A6ABF245F5EF400AFC486 /* ViewControllers */ = {
			isa = PBXGroup;
			children = (
				50DD605E2454B77D004602A9 /* ViewController.swift */,
				50D613D3245AF741005561DB /* VisionViewController.swift */,
				50881680245DD9510051FBC5 /* ColorViewController.swift */,
				50881682245DE1CF0051FBC5 /* ActionViewController.swift */,
				509A6ABD245F5EEF00AFC486 /* SavedTextsViewController.swift */,
				509A6AC1245F5F3300AFC486 /* SavedColorsViewController.swift */,
			);
			path = ViewControllers;
			sourceTree = "<group>";
		};
		509A6AC0245F5F1400AFC486 /* Database */ = {
			isa = PBXGroup;
			children = (
				509A6ABB245F068E00AFC486 /* SFMDB.db */,
			);
			path = Database;
			sourceTree = "<group>";
		};
		50DC337424601C8F004E6BFA /* Library */ = {
			isa = PBXGroup;
			children = (
			);
			path = Library;
			sourceTree = "<group>";
		};
		50DD604E2454B77D004602A9 = {
			isa = PBXGroup;
			children = (
				50DD60592454B77D004602A9 /* IDentify */,
				50DD60582454B77D004602A9 /* Products */,
			);
			sourceTree = "<group>";
		};
		50DD60582454B77D004602A9 /* Products */ = {
			isa = PBXGroup;
			children = (
				50DD60572454B77D004602A9 /* SeeForMe.app */,
			);
			name = Products;
			sourceTree = "<group>";
		};
		50DD60592454B77D004602A9 /* IDentify */ = {
			isa = PBXGroup;
			children = (
				509A6AC0245F5F1400AFC486 /* Database */,
				50DC337424601C8F004E6BFA /* Library */,
				509A6ABF245F5EF400AFC486 /* ViewControllers */,
				5088167D245D9F250051FBC5 /* Controllers */,
				50DD605A2454B77D004602A9 /* AppDelegate.swift */,
				50DD605C2454B77D004602A9 /* SceneDelegate.swift */,
				50DD60602454B77D004602A9 /* Main.storyboard */,
				50DD60632454B784004602A9 /* Assets.xcassets */,
				50DD60652454B784004602A9 /* LaunchScreen.storyboard */,
				50DD60682454B784004602A9 /* Info.plist */,
				509A6AB4245EED0300AFC486 /* ImageUtils.swift */,
				50B663BF245F704400DA6CE9 /* SavedText.swift */,
			);
			path = IDentify;
			sourceTree = "<group>";
		};
/* End PBXGroup section */

/* Begin PBXNativeTarget section */
		50DD60562454B77D004602A9 /* IDentify */ = {
			isa = PBXNativeTarget;
			buildConfigurationList = 50DD606B2454B784004602A9 /* Build configuration list for PBXNativeTarget "IDentify" */;
			buildPhases = (
				50DD60532454B77D004602A9 /* Sources */,
				50DD60542454B77D004602A9 /* Frameworks */,
				50DD60552454B77D004602A9 /* Resources */,
			);
			buildRules = (
			);
			dependencies = (
			);
			name = IDentify;
			packageProductDependencies = (
				509A6AB7245EFAAB00AFC486 /* SQLite */,
			);
			productName = IDentify;
			productReference = 50DD60572454B77D004602A9 /* SeeForMe.app */;
			productType = "com.apple.product-type.application";
		};
/* End PBXNativeTarget section */

/* Begin PBXProject section */
		50DD604F2454B77D004602A9 /* Project object */ = {
			isa = PBXProject;
			attributes = {
				LastSwiftUpdateCheck = 1140;
				LastUpgradeCheck = 1140;
				ORGANIZATIONNAME = "Maksym Sabadyshyn";
				TargetAttributes = {
					50DD60562454B77D004602A9 = {
						CreatedOnToolsVersion = 11.4;
					};
				};
			};
			buildConfigurationList = 50DD60522454B77D004602A9 /* Build configuration list for PBXProject "IDentify" */;
			compatibilityVersion = "Xcode 9.3";
			developmentRegion = en;
			hasScannedForEncodings = 0;
			knownRegions = (
				en,
				Base,
			);
			mainGroup = 50DD604E2454B77D004602A9;
			packageReferences = (
				509A6AB6245EFAAB00AFC486 /* XCRemoteSwiftPackageReference "SQLite.swift" */,
			);
			productRefGroup = 50DD60582454B77D004602A9 /* Products */;
			projectDirPath = "";
			projectRoot = "";
			targets = (
				50DD60562454B77D004602A9 /* IDentify */,
			);
		};
/* End PBXProject section */

/* Begin PBXResourcesBuildPhase section */
		50DD60552454B77D004602A9 /* Resources */ = {
			isa = PBXResourcesBuildPhase;
			buildActionMask = 2147483647;
			files = (
				509A6ABC245F1A8000AFC486 /* SFMDB.db in Resources */,
				50DD60672454B784004602A9 /* LaunchScreen.storyboard in Resources */,
				50DD60642454B784004602A9 /* Assets.xcassets in Resources */,
				50DD60622454B77D004602A9 /* Main.storyboard in Resources */,
			);
			runOnlyForDeploymentPostprocessing = 0;
		};
/* End PBXResourcesBuildPhase section */

/* Begin PBXSourcesBuildPhase section */
		50DD60532454B77D004602A9 /* Sources */ = {
			isa = PBXSourcesBuildPhase;
			buildActionMask = 2147483647;
			files = (
				50D613D4245AF742005561DB /* VisionViewController.swift in Sources */,
				50B663C0245F704400DA6CE9 /* SavedText.swift in Sources */,
				509A6AB3245EEC6C00AFC486 /* ColorController.swift in Sources */,
				50DD605F2454B77D004602A9 /* ViewController.swift in Sources */,
				50881681245DD9510051FBC5 /* ColorViewController.swift in Sources */,
				509A6ABE245F5EEF00AFC486 /* SavedTextsViewController.swift in Sources */,
				5088167C245D9EBC0051FBC5 /* VoiceController.swift in Sources */,
				50DD605B2454B77D004602A9 /* AppDelegate.swift in Sources */,
				50881683245DE1CF0051FBC5 /* ActionViewController.swift in Sources */,
				509A6AC2245F5F3300AFC486 /* SavedColorsViewController.swift in Sources */,
				50DD605D2454B77D004602A9 /* SceneDelegate.swift in Sources */,
				509A6ABA245EFADF00AFC486 /* DatabaseController.swift in Sources */,
				50D613D6245C6C3A005561DB /* CameraController.swift in Sources */,
				5088167F245DAFC10051FBC5 /* VisionController.swift in Sources */,
				509A6AB5245EED0300AFC486 /* ImageUtils.swift in Sources */,
			);
			runOnlyForDeploymentPostprocessing = 0;
		};
/* End PBXSourcesBuildPhase section */

/* Begin PBXVariantGroup section */
		50DD60602454B77D004602A9 /* Main.storyboard */ = {
			isa = PBXVariantGroup;
			children = (
				50DD60612454B77D004602A9 /* Base */,
			);
			name = Main.storyboard;
			sourceTree = "<group>";
		};
		50DD60652454B784004602A9 /* LaunchScreen.storyboard */ = {
			isa = PBXVariantGroup;
			children = (
				50DD60662454B784004602A9 /* Base */,
			);
			name = LaunchScreen.storyboard;
			sourceTree = "<group>";
		};
/* End PBXVariantGroup section */

/* Begin XCBuildConfiguration section */
		50DD60692454B784004602A9 /* Debug */ = {
			isa = XCBuildConfiguration;
			buildSettings = {
				ALWAYS_SEARCH_USER_PATHS = NO;
				CLANG_ANALYZER_NONNULL = YES;
				CLANG_ANALYZER_NUMBER_OBJECT_CONVERSION = YES_AGGRESSIVE;
				CLANG_CXX_LANGUAGE_STANDARD = "gnu++14";
				CLANG_CXX_LIBRARY = "libc++";
				CLANG_ENABLE_MODULES = YES;
				CLANG_ENABLE_OBJC_ARC = YES;
				CLANG_ENABLE_OBJC_WEAK = YES;
				CLANG_WARN_BLOCK_CAPTURE_AUTORELEASING = YES;
				CLANG_WARN_BOOL_CONVERSION = YES;
				CLANG_WARN_COMMA = YES;
				CLANG_WARN_CONSTANT_CONVERSION = YES;
				CLANG_WARN_DEPRECATED_OBJC_IMPLEMENTATIONS = YES;
				CLANG_WARN_DIRECT_OBJC_ISA_USAGE = YES_ERROR;
				CLANG_WARN_DOCUMENTATION_COMMENTS = YES;
				CLANG_WARN_EMPTY_BODY = YES;
				CLANG_WARN_ENUM_CONVERSION = YES;
				CLANG_WARN_INFINITE_RECURSION = YES;
				CLANG_WARN_INT_CONVERSION = YES;
				CLANG_WARN_NON_LITERAL_NULL_CONVERSION = YES;
				CLANG_WARN_OBJC_IMPLICIT_RETAIN_SELF = YES;
				CLANG_WARN_OBJC_LITERAL_CONVERSION = YES;
				CLANG_WARN_OBJC_ROOT_CLASS = YES_ERROR;
				CLANG_WARN_RANGE_LOOP_ANALYSIS = YES;
				CLANG_WARN_STRICT_PROTOTYPES = YES;
				CLANG_WARN_SUSPICIOUS_MOVE = YES;
				CLANG_WARN_UNGUARDED_AVAILABILITY = YES_AGGRESSIVE;
				CLANG_WARN_UNREACHABLE_CODE = YES;
				CLANG_WARN__DUPLICATE_METHOD_MATCH = YES;
				COPY_PHASE_STRIP = NO;
				DEBUG_INFORMATION_FORMAT = dwarf;
				ENABLE_STRICT_OBJC_MSGSEND = YES;
				ENABLE_TESTABILITY = YES;
				GCC_C_LANGUAGE_STANDARD = gnu11;
				GCC_DYNAMIC_NO_PIC = NO;
				GCC_NO_COMMON_BLOCKS = YES;
				GCC_OPTIMIZATION_LEVEL = 0;
				GCC_PREPROCESSOR_DEFINITIONS = (
					"DEBUG=1",
					"$(inherited)",
				);
				GCC_WARN_64_TO_32_BIT_CONVERSION = YES;
				GCC_WARN_ABOUT_RETURN_TYPE = YES_ERROR;
				GCC_WARN_UNDECLARED_SELECTOR = YES;
				GCC_WARN_UNINITIALIZED_AUTOS = YES_AGGRESSIVE;
				GCC_WARN_UNUSED_FUNCTION = YES;
				GCC_WARN_UNUSED_VARIABLE = YES;
				IPHONEOS_DEPLOYMENT_TARGET = 11.0;
				MTL_ENABLE_DEBUG_INFO = INCLUDE_SOURCE;
				MTL_FAST_MATH = YES;
				ONLY_ACTIVE_ARCH = YES;
				SDKROOT = iphoneos;
				SWIFT_ACTIVE_COMPILATION_CONDITIONS = DEBUG;
				SWIFT_OPTIMIZATION_LEVEL = "-Onone";
			};
			name = Debug;
		};
		50DD606A2454B784004602A9 /* Release */ = {
			isa = XCBuildConfiguration;
			buildSettings = {
				ALWAYS_SEARCH_USER_PATHS = NO;
				CLANG_ANALYZER_NONNULL = YES;
				CLANG_ANALYZER_NUMBER_OBJECT_CONVERSION = YES_AGGRESSIVE;
				CLANG_CXX_LANGUAGE_STANDARD = "gnu++14";
				CLANG_CXX_LIBRARY = "libc++";
				CLANG_ENABLE_MODULES = YES;
				CLANG_ENABLE_OBJC_ARC = YES;
				CLANG_ENABLE_OBJC_WEAK = YES;
				CLANG_WARN_BLOCK_CAPTURE_AUTORELEASING = YES;
				CLANG_WARN_BOOL_CONVERSION = YES;
				CLANG_WARN_COMMA = YES;
				CLANG_WARN_CONSTANT_CONVERSION = YES;
				CLANG_WARN_DEPRECATED_OBJC_IMPLEMENTATIONS = YES;
				CLANG_WARN_DIRECT_OBJC_ISA_USAGE = YES_ERROR;
				CLANG_WARN_DOCUMENTATION_COMMENTS = YES;
				CLANG_WARN_EMPTY_BODY = YES;
				CLANG_WARN_ENUM_CONVERSION = YES;
				CLANG_WARN_INFINITE_RECURSION = YES;
				CLANG_WARN_INT_CONVERSION = YES;
				CLANG_WARN_NON_LITERAL_NULL_CONVERSION = YES;
				CLANG_WARN_OBJC_IMPLICIT_RETAIN_SELF = YES;
				CLANG_WARN_OBJC_LITERAL_CONVERSION = YES;
				CLANG_WARN_OBJC_ROOT_CLASS = YES_ERROR;
				CLANG_WARN_RANGE_LOOP_ANALYSIS = YES;
				CLANG_WARN_STRICT_PROTOTYPES = YES;
				CLANG_WARN_SUSPICIOUS_MOVE = YES;
				CLANG_WARN_UNGUARDED_AVAILABILITY = YES_AGGRESSIVE;
				CLANG_WARN_UNREACHABLE_CODE = YES;
				CLANG_WARN__DUPLICATE_METHOD_MATCH = YES;
				COPY_PHASE_STRIP = NO;
				DEBUG_INFORMATION_FORMAT = "dwarf-with-dsym";
				ENABLE_NS_ASSERTIONS = NO;
				ENABLE_STRICT_OBJC_MSGSEND = YES;
				GCC_C_LANGUAGE_STANDARD = gnu11;
				GCC_NO_COMMON_BLOCKS = YES;
				GCC_WARN_64_TO_32_BIT_CONVERSION = YES;
				GCC_WARN_ABOUT_RETURN_TYPE = YES_ERROR;
				GCC_WARN_UNDECLARED_SELECTOR = YES;
				GCC_WARN_UNINITIALIZED_AUTOS = YES_AGGRESSIVE;
				GCC_WARN_UNUSED_FUNCTION = YES;
				GCC_WARN_UNUSED_VARIABLE = YES;
				IPHONEOS_DEPLOYMENT_TARGET = 11.0;
				MTL_ENABLE_DEBUG_INFO = NO;
				MTL_FAST_MATH = YES;
				SDKROOT = iphoneos;
				SWIFT_COMPILATION_MODE = wholemodule;
				SWIFT_OPTIMIZATION_LEVEL = "-O";
				VALIDATE_PRODUCT = YES;
			};
			name = Release;
		};
		50DD606C2454B784004602A9 /* Debug */ = {
			isa = XCBuildConfiguration;
			buildSettings = {
				ASSETCATALOG_COMPILER_APPICON_NAME = AppIcon;
				CODE_SIGN_STYLE = Automatic;
				DEVELOPMENT_TEAM = UNU6P3F2LX;
				INFOPLIST_FILE = IDentify/Info.plist;
				IPHONEOS_DEPLOYMENT_TARGET = 13.4;
				LD_RUNPATH_SEARCH_PATHS = (
					"$(inherited)",
					"@executable_path/Frameworks",
				);
				PRODUCT_BUNDLE_IDENTIFIER = Saba.IDentify;
				PRODUCT_NAME = SeeForMe;
				SWIFT_VERSION = 5.0;
				TARGETED_DEVICE_FAMILY = "1,2";
			};
			name = Debug;
		};
		50DD606D2454B784004602A9 /* Release */ = {
			isa = XCBuildConfiguration;
			buildSettings = {
				ASSETCATALOG_COMPILER_APPICON_NAME = AppIcon;
				CODE_SIGN_STYLE = Automatic;
				DEVELOPMENT_TEAM = UNU6P3F2LX;
				INFOPLIST_FILE = IDentify/Info.plist;
				IPHONEOS_DEPLOYMENT_TARGET = 13.4;
				LD_RUNPATH_SEARCH_PATHS = (
					"$(inherited)",
					"@executable_path/Frameworks",
				);
				PRODUCT_BUNDLE_IDENTIFIER = Saba.IDentify;
				PRODUCT_NAME = SeeForMe;
				SWIFT_VERSION = 5.0;
				TARGETED_DEVICE_FAMILY = "1,2";
			};
			name = Release;
		};
/* End XCBuildConfiguration section */

/* Begin XCConfigurationList section */
		50DD60522454B77D004602A9 /* Build configuration list for PBXProject "IDentify" */ = {
			isa = XCConfigurationList;
			buildConfigurations = (
				50DD60692454B784004602A9 /* Debug */,
				50DD606A2454B784004602A9 /* Release */,
			);
			defaultConfigurationIsVisible = 0;
			defaultConfigurationName = Release;
		};
		50DD606B2454B784004602A9 /* Build configuration list for PBXNativeTarget "IDentify" */ = {
			isa = XCConfigurationList;
			buildConfigurations = (
				50DD606C2454B784004602A9 /* Debug */,
				50DD606D2454B784004602A9 /* Release */,
			);
			defaultConfigurationIsVisible = 0;
			defaultConfigurationName = Release;
		};
/* End XCConfigurationList section */

/* Begin XCRemoteSwiftPackageReference section */
		509A6AB6245EFAAB00AFC486 /* XCRemoteSwiftPackageReference "SQLite.swift" */ = {
			isa = XCRemoteSwiftPackageReference;
			repositoryURL = "https://github.com/stephencelis/SQLite.swift.git";
			requirement = {
				kind = upToNextMajorVersion;
				minimumVersion = 0.12.2;
			};
		};
/* End XCRemoteSwiftPackageReference section */

/* Begin XCSwiftPackageProductDependency section */
		509A6AB7245EFAAB00AFC486 /* SQLite */ = {
			isa = XCSwiftPackageProductDependency;
			package = 509A6AB6245EFAAB00AFC486 /* XCRemoteSwiftPackageReference "SQLite.swift" */;
			productName = SQLite;
		};
/* End XCSwiftPackageProductDependency section */
	};
	rootObject = 50DD604F2454B77D004602A9 /* Project object */;
}
